// !$*UTF8*$!
{
	archiveVersion = 1;
	classes = {
	};
	objectVersion = 46;
	objects = {

/* Begin PBXBuildFile section */
		097AFB431C577467002684E4 /* main.m in Sources */ = {isa = PBXBuildFile; fileRef = 097AFB421C577467002684E4 /* main.m */; };
		097AFB461C577467002684E4 /* AppDelegate.m in Sources */ = {isa = PBXBuildFile; fileRef = 097AFB451C577467002684E4 /* AppDelegate.m */; };
		097AFB491C577467002684E4 /* ViewController.m in Sources */ = {isa = PBXBuildFile; fileRef = 097AFB481C577467002684E4 /* ViewController.m */; };
		097AFB4C1C577467002684E4 /* Main.storyboard in Resources */ = {isa = PBXBuildFile; fileRef = 097AFB4A1C577467002684E4 /* Main.storyboard */; };
		097AFB4E1C577467002684E4 /* Assets.xcassets in Resources */ = {isa = PBXBuildFile; fileRef = 097AFB4D1C577467002684E4 /* Assets.xcassets */; };
		097AFB511C577467002684E4 /* LaunchScreen.storyboard in Resources */ = {isa = PBXBuildFile; fileRef = 097AFB4F1C577467002684E4 /* LaunchScreen.storyboard */; };
		097AFB5C1C577467002684E4 /* ShiftManagerTests.m in Sources */ = {isa = PBXBuildFile; fileRef = 097AFB5B1C577467002684E4 /* ShiftManagerTests.m */; };
		097AFB671C577467002684E4 /* ShiftManagerUITests.m in Sources */ = {isa = PBXBuildFile; fileRef = 097AFB661C577467002684E4 /* ShiftManagerUITests.m */; };
/* End PBXBuildFile section */

/* Begin PBXContainerItemProxy section */
		097AFB581C577467002684E4 /* PBXContainerItemProxy */ = {
			isa = PBXContainerItemProxy;
			containerPortal = 097AFB361C577467002684E4 /* Project object */;
			proxyType = 1;
			remoteGlobalIDString = 097AFB3D1C577467002684E4;
			remoteInfo = ShiftManager;
		};
		097AFB631C577467002684E4 /* PBXContainerItemProxy */ = {
			isa = PBXContainerItemProxy;
			containerPortal = 097AFB361C577467002684E4 /* Project object */;
			proxyType = 1;
			remoteGlobalIDString = 097AFB3D1C577467002684E4;
			remoteInfo = ShiftManager;
		};
/* End PBXContainerItemProxy section */

/* Begin PBXFileReference section */
		097AFB3E1C577467002684E4 /* ShiftManager.app */ = {isa = PBXFileReference; explicitFileType = wrapper.application; includeInIndex = 0; path = ShiftManager.app; sourceTree = BUILT_PRODUCTS_DIR; };
		097AFB421C577467002684E4 /* main.m */ = {isa = PBXFileReference; lastKnownFileType = sourcecode.c.objc; path = main.m; sourceTree = "<group>"; };
		097AFB441C577467002684E4 /* AppDelegate.h */ = {isa = PBXFileReference; lastKnownFileType = sourcecode.c.h; path = AppDelegate.h; sourceTree = "<group>"; };
		097AFB451C577467002684E4 /* AppDelegate.m */ = {isa = PBXFileReference; lastKnownFileType = sourcecode.c.objc; path = AppDelegate.m; sourceTree = "<group>"; };
		097AFB471C577467002684E4 /* ViewController.h */ = {isa = PBXFileReference; lastKnownFileType = sourcecode.c.h; path = ViewController.h; sourceTree = "<group>"; };
		097AFB481C577467002684E4 /* ViewController.m */ = {isa = PBXFileReference; lastKnownFileType = sourcecode.c.objc; path = ViewController.m; sourceTree = "<group>"; };
		097AFB4B1C577467002684E4 /* Base */ = {isa = PBXFileReference; lastKnownFileType = file.storyboard; name = Base; path = Base.lproj/Main.storyboard; sourceTree = "<group>"; };
		097AFB4D1C577467002684E4 /* Assets.xcassets */ = {isa = PBXFileReference; lastKnownFileType = folder.assetcatalog; path = Assets.xcassets; sourceTree = "<group>"; };
		097AFB501C577467002684E4 /* Base */ = {isa = PBXFileReference; lastKnownFileType = file.storyboard; name = Base; path = Base.lproj/LaunchScreen.storyboard; sourceTree = "<group>"; };
		097AFB521C577467002684E4 /* Info.plist */ = {isa = PBXFileReference; lastKnownFileType = text.plist.xml; path = Info.plist; sourceTree = "<group>"; };
		097AFB571C577467002684E4 /* ShiftManagerTests.xctest */ = {isa = PBXFileReference; explicitFileType = wrapper.cfbundle; includeInIndex = 0; path = ShiftManagerTests.xctest; sourceTree = BUILT_PRODUCTS_DIR; };
		097AFB5B1C577467002684E4 /* ShiftManagerTests.m */ = {isa = PBXFileReference; lastKnownFileType = sourcecode.c.objc; path = ShiftManagerTests.m; sourceTree = "<group>"; };
		097AFB5D1C577467002684E4 /* Info.plist */ = {isa = PBXFileReference; lastKnownFileType = text.plist.xml; path = Info.plist; sourceTree = "<group>"; };
		097AFB621C577467002684E4 /* ShiftManagerUITests.xctest */ = {isa = PBXFileReference; explicitFileType = wrapper.cfbundle; includeInIndex = 0; path = ShiftManagerUITests.xctest; sourceTree = BUILT_PRODUCTS_DIR; };
		097AFB661C577467002684E4 /* ShiftManagerUITests.m */ = {isa = PBXFileReference; lastKnownFileType = sourcecode.c.objc; path = ShiftManagerUITests.m; sourceTree = "<group>"; };
		097AFB681C577467002684E4 /* Info.plist */ = {isa = PBXFileReference; lastKnownFileType = text.plist.xml; path = Info.plist; sourceTree = "<group>"; };
/* End PBXFileReference section */

/* Begin PBXFrameworksBuildPhase section */
		097AFB3B1C577467002684E4 /* Frameworks */ = {
			isa = PBXFrameworksBuildPhase;
			buildActionMask = 2147483647;
			files = (
			);
			runOnlyForDeploymentPostprocessing = 0;
		};
		097AFB541C577467002684E4 /* Frameworks */ = {
			isa = PBXFrameworksBuildPhase;
			buildActionMask = 2147483647;
			files = (
			);
			runOnlyForDeploymentPostprocessing = 0;
		};
		097AFB5F1C577467002684E4 /* Frameworks */ = {
			isa = PBXFrameworksBuildPhase;
			buildActionMask = 2147483647;
			files = (
			);
			runOnlyForDeploymentPostprocessing = 0;
		};
/* End PBXFrameworksBuildPhase section */

/* Begin PBXGroup section */
		097AFB351C577467002684E4 = {
			isa = PBXGroup;
			children = (
				097AFB401C577467002684E4 /* ShiftManager */,
				097AFB5A1C577467002684E4 /* ShiftManagerTests */,
				097AFB651C577467002684E4 /* ShiftManagerUITests */,
				097AFB3F1C577467002684E4 /* Products */,
			);
			sourceTree = "<group>";
		};
		097AFB3F1C577467002684E4 /* Products */ = {
			isa = PBXGroup;
			children = (
				097AFB3E1C577467002684E4 /* ShiftManager.app */,
				097AFB571C577467002684E4 /* ShiftManagerTests.xctest */,
				097AFB621C577467002684E4 /* ShiftManagerUITests.xctest */,
			);
			name = Products;
			sourceTree = "<group>";
		};
		097AFB401C577467002684E4 /* ShiftManager */ = {
			isa = PBXGroup;
			children = (
				097AFB441C577467002684E4 /* AppDelegate.h */,
				097AFB451C577467002684E4 /* AppDelegate.m */,
				097AFB471C577467002684E4 /* ViewController.h */,
				097AFB481C577467002684E4 /* ViewController.m */,
				097AFB4A1C577467002684E4 /* Main.storyboard */,
				097AFB4D1C577467002684E4 /* Assets.xcassets */,
				097AFB4F1C577467002684E4 /* LaunchScreen.storyboard */,
				097AFB521C577467002684E4 /* Info.plist */,
				097AFB411C577467002684E4 /* Supporting Files */,
			);
			path = ShiftManager;
			sourceTree = "<group>";
		};
		097AFB411C577467002684E4 /* Supporting Files */ = {
			isa = PBXGroup;
			children = (
				097AFB421C577467002684E4 /* main.m */,
			);
			name = "Supporting Files";
			sourceTree = "<group>";
		};
		097AFB5A1C577467002684E4 /* ShiftManagerTests */ = {
			isa = PBXGroup;
			children = (
				097AFB5B1C577467002684E4 /* ShiftManagerTests.m */,
				097AFB5D1C577467002684E4 /* Info.plist */,
			);
			path = ShiftManagerTests;
			sourceTree = "<group>";
		};
		097AFB651C577467002684E4 /* ShiftManagerUITests */ = {
			isa = PBXGroup;
			children = (
				097AFB661C577467002684E4 /* ShiftManagerUITests.m */,
				097AFB681C577467002684E4 /* Info.plist */,
			);
			path = ShiftManagerUITests;
			sourceTree = "<group>";
		};
/* End PBXGroup section */

/* Begin PBXNativeTarget section */
		097AFB3D1C577467002684E4 /* ShiftManager */ = {
			isa = PBXNativeTarget;
			buildConfigurationList = 097AFB6B1C577467002684E4 /* Build configuration list for PBXNativeTarget "ShiftManager" */;
			buildPhases = (
				097AFB3A1C577467002684E4 /* Sources */,
				097AFB3B1C577467002684E4 /* Frameworks */,
				097AFB3C1C577467002684E4 /* Resources */,
			);
			buildRules = (
			);
			dependencies = (
			);
			name = ShiftManager;
			productName = ShiftManager;
			productReference = 097AFB3E1C577467002684E4 /* ShiftManager.app */;
			productType = "com.apple.product-type.application";
		};
		097AFB561C577467002684E4 /* ShiftManagerTests */ = {
			isa = PBXNativeTarget;
			buildConfigurationList = 097AFB6E1C577467002684E4 /* Build configuration list for PBXNativeTarget "ShiftManagerTests" */;
			buildPhases = (
				097AFB531C577467002684E4 /* Sources */,
				097AFB541C577467002684E4 /* Frameworks */,
				097AFB551C577467002684E4 /* Resources */,
			);
			buildRules = (
			);
			dependencies = (
				097AFB591C577467002684E4 /* PBXTargetDependency */,
			);
			name = ShiftManagerTests;
			productName = ShiftManagerTests;
			productReference = 097AFB571C577467002684E4 /* ShiftManagerTests.xctest */;
			productType = "com.apple.product-type.bundle.unit-test";
		};
		097AFB611C577467002684E4 /* ShiftManagerUITests */ = {
			isa = PBXNativeTarget;
			buildConfigurationList = 097AFB711C577467002684E4 /* Build configuration list for PBXNativeTarget "ShiftManagerUITests" */;
			buildPhases = (
				097AFB5E1C577467002684E4 /* Sources */,
				097AFB5F1C577467002684E4 /* Frameworks */,
				097AFB601C577467002684E4 /* Resources */,
			);
			buildRules = (
			);
			dependencies = (
				097AFB641C577467002684E4 /* PBXTargetDependency */,
			);
			name = ShiftManagerUITests;
			productName = ShiftManagerUITests;
			productReference = 097AFB621C577467002684E4 /* ShiftManagerUITests.xctest */;
			productType = "com.apple.product-type.bundle.ui-testing";
		};
/* End PBXNativeTarget section */

/* Begin PBXProject section */
		097AFB361C577467002684E4 /* Project object */ = {
			isa = PBXProject;
			attributes = {
				LastUpgradeCheck = 0720;
				ORGANIZATIONNAME = "Vojtěch Czepiec";
				TargetAttributes = {
					097AFB3D1C577467002684E4 = {
						CreatedOnToolsVersion = 7.2;
					};
					097AFB561C577467002684E4 = {
						CreatedOnToolsVersion = 7.2;
						TestTargetID = 097AFB3D1C577467002684E4;
					};
					097AFB611C577467002684E4 = {
						CreatedOnToolsVersion = 7.2;
						TestTargetID = 097AFB3D1C577467002684E4;
					};
				};
			};
			buildConfigurationList = 097AFB391C577467002684E4 /* Build configuration list for PBXProject "ShiftManager" */;
			compatibilityVersion = "Xcode 3.2";
			developmentRegion = English;
			hasScannedForEncodings = 0;
			knownRegions = (
				en,
				Base,
			);
			mainGroup = 097AFB351C577467002684E4;
			productRefGroup = 097AFB3F1C577467002684E4 /* Products */;
			projectDirPath = "";
			projectRoot = "";
			targets = (
				097AFB3D1C577467002684E4 /* ShiftManager */,
				097AFB561C577467002684E4 /* ShiftManagerTests */,
				097AFB611C577467002684E4 /* ShiftManagerUITests */,
			);
		};
/* End PBXProject section */

/* Begin PBXResourcesBuildPhase section */
		097AFB3C1C577467002684E4 /* Resources */ = {
			isa = PBXResourcesBuildPhase;
			buildActionMask = 2147483647;
			files = (
				097AFB511C577467002684E4 /* LaunchScreen.storyboard in Resources */,
				097AFB4E1C577467002684E4 /* Assets.xcassets in Resources */,
				097AFB4C1C577467002684E4 /* Main.storyboard in Resources */,
			);
			runOnlyForDeploymentPostprocessing = 0;
		};
		097AFB551C577467002684E4 /* Resources */ = {
			isa = PBXResourcesBuildPhase;
			buildActionMask = 2147483647;
			files = (
			);
			runOnlyForDeploymentPostprocessing = 0;
		};
		097AFB601C577467002684E4 /* Resources */ = {
			isa = PBXResourcesBuildPhase;
			buildActionMask = 2147483647;
			files = (
			);
			runOnlyForDeploymentPostprocessing = 0;
		};
/* End PBXResourcesBuildPhase section */

/* Begin PBXSourcesBuildPhase section */
		097AFB3A1C577467002684E4 /* Sources */ = {
			isa = PBXSourcesBuildPhase;
			buildActionMask = 2147483647;
			files = (
				097AFB491C577467002684E4 /* ViewController.m in Sources */,
				097AFB461C577467002684E4 /* AppDelegate.m in Sources */,
				097AFB431C577467002684E4 /* main.m in Sources */,
			);
			runOnlyForDeploymentPostprocessing = 0;
		};
		097AFB531C577467002684E4 /* Sources */ = {
			isa = PBXSourcesBuildPhase;
			buildActionMask = 2147483647;
			files = (
				097AFB5C1C577467002684E4 /* ShiftManagerTests.m in Sources */,
			);
			runOnlyForDeploymentPostprocessing = 0;
		};
		097AFB5E1C577467002684E4 /* Sources */ = {
			isa = PBXSourcesBuildPhase;
			buildActionMask = 2147483647;
			files = (
				097AFB671C577467002684E4 /* ShiftManagerUITests.m in Sources */,
			);
			runOnlyForDeploymentPostprocessing = 0;
		};
/* End PBXSourcesBuildPhase section */

/* Begin PBXTargetDependency section */
		097AFB591C577467002684E4 /* PBXTargetDependency */ = {
			isa = PBXTargetDependency;
			target = 097AFB3D1C577467002684E4 /* ShiftManager */;
			targetProxy = 097AFB581C577467002684E4 /* PBXContainerItemProxy */;
		};
		097AFB641C577467002684E4 /* PBXTargetDependency */ = {
			isa = PBXTargetDependency;
			target = 097AFB3D1C577467002684E4 /* ShiftManager */;
			targetProxy = 097AFB631C577467002684E4 /* PBXContainerItemProxy */;
		};
/* End PBXTargetDependency section */

/* Begin PBXVariantGroup section */
		097AFB4A1C577467002684E4 /* Main.storyboard */ = {
			isa = PBXVariantGroup;
			children = (
				097AFB4B1C577467002684E4 /* Base */,
			);
			name = Main.storyboard;
			sourceTree = "<group>";
		};
		097AFB4F1C577467002684E4 /* LaunchScreen.storyboard */ = {
			isa = PBXVariantGroup;
			children = (
				097AFB501C577467002684E4 /* Base */,
			);
			name = LaunchScreen.storyboard;
			sourceTree = "<group>";
		};
/* End PBXVariantGroup section */

/* Begin XCBuildConfiguration section */
		097AFB691C577467002684E4 /* Debug */ = {
			isa = XCBuildConfiguration;
			buildSettings = {
				ALWAYS_SEARCH_USER_PATHS = NO;
				CLANG_CXX_LANGUAGE_STANDARD = "gnu++0x";
				CLANG_CXX_LIBRARY = "libc++";
				CLANG_ENABLE_MODULES = YES;
				CLANG_ENABLE_OBJC_ARC = YES;
				CLANG_WARN_BOOL_CONVERSION = YES;
				CLANG_WARN_CONSTANT_CONVERSION = YES;
				CLANG_WARN_DIRECT_OBJC_ISA_USAGE = YES_ERROR;
				CLANG_WARN_EMPTY_BODY = YES;
				CLANG_WARN_ENUM_CONVERSION = YES;
				CLANG_WARN_INT_CONVERSION = YES;
				CLANG_WARN_OBJC_ROOT_CLASS = YES_ERROR;
				CLANG_WARN_UNREACHABLE_CODE = YES;
				CLANG_WARN__DUPLICATE_METHOD_MATCH = YES;
				"CODE_SIGN_IDENTITY[sdk=iphoneos*]" = "iPhone Developer";
				COPY_PHASE_STRIP = NO;
				DEBUG_INFORMATION_FORMAT = dwarf;
				ENABLE_STRICT_OBJC_MSGSEND = YES;
				ENABLE_TESTABILITY = YES;
				GCC_C_LANGUAGE_STANDARD = gnu99;
				GCC_DYNAMIC_NO_PIC = NO;
				GCC_NO_COMMON_BLOCKS = YES;
				GCC_OPTIMIZATION_LEVEL = 0;
				GCC_PREPROCESSOR_DEFINITIONS = (
					"DEBUG=1",
					"$(inherited)",
				);
				GCC_WARN_64_TO_32_BIT_CONVERSION = YES;
				GCC_WARN_ABOUT_RETURN_TYPE = YES_ERROR;
				GCC_WARN_UNDECLARED_SELECTOR = YES;
				GCC_WARN_UNINITIALIZED_AUTOS = YES_AGGRESSIVE;
				GCC_WARN_UNUSED_FUNCTION = YES;
				GCC_WARN_UNUSED_VARIABLE = YES;
				IPHONEOS_DEPLOYMENT_TARGET = 9.2;
				MTL_ENABLE_DEBUG_INFO = YES;
				ONLY_ACTIVE_ARCH = YES;
				SDKROOT = iphoneos;
				TARGETED_DEVICE_FAMILY = "1,2";
			};
			name = Debug;
		};
		097AFB6A1C577467002684E4 /* Release */ = {
			isa = XCBuildConfiguration;
			buildSettings = {
				ALWAYS_SEARCH_USER_PATHS = NO;
				CLANG_CXX_LANGUAGE_STANDARD = "gnu++0x";
				CLANG_CXX_LIBRARY = "libc++";
				CLANG_ENABLE_MODULES = YES;
				CLANG_ENABLE_OBJC_ARC = YES;
				CLANG_WARN_BOOL_CONVERSION = YES;
				CLANG_WARN_CONSTANT_CONVERSION = YES;
				CLANG_WARN_DIRECT_OBJC_ISA_USAGE = YES_ERROR;
				CLANG_WARN_EMPTY_BODY = YES;
				CLANG_WARN_ENUM_CONVERSION = YES;
				CLANG_WARN_INT_CONVERSION = YES;
				CLANG_WARN_OBJC_ROOT_CLASS = YES_ERROR;
				CLANG_WARN_UNREACHABLE_CODE = YES;
				CLANG_WARN__DUPLICATE_METHOD_MATCH = YES;
				"CODE_SIGN_IDENTITY[sdk=iphoneos*]" = "iPhone Developer";
				COPY_PHASE_STRIP = NO;
				DEBUG_INFORMATION_FORMAT = "dwarf-with-dsym";
				ENABLE_NS_ASSERTIONS = NO;
				ENABLE_STRICT_OBJC_MSGSEND = YES;
				GCC_C_LANGUAGE_STANDARD = gnu99;
				GCC_NO_COMMON_BLOCKS = YES;
				GCC_WARN_64_TO_32_BIT_CONVERSION = YES;
				GCC_WARN_ABOUT_RETURN_TYPE = YES_ERROR;
				GCC_WARN_UNDECLARED_SELECTOR = YES;
				GCC_WARN_UNINITIALIZED_AUTOS = YES_AGGRESSIVE;
				GCC_WARN_UNUSED_FUNCTION = YES;
				GCC_WARN_UNUSED_VARIABLE = YES;
				IPHONEOS_DEPLOYMENT_TARGET = 9.2;
				MTL_ENABLE_DEBUG_INFO = NO;
				SDKROOT = iphoneos;
				TARGETED_DEVICE_FAMILY = "1,2";
				VALIDATE_PRODUCT = YES;
			};
			name = Release;
		};
		097AFB6C1C577467002684E4 /* Debug */ = {
			isa = XCBuildConfiguration;
			buildSettings = {
				ASSETCATALOG_COMPILER_APPICON_NAME = AppIcon;
				INFOPLIST_FILE = ShiftManager/Info.plist;
				LD_RUNPATH_SEARCH_PATHS = "$(inherited) @executable_path/Frameworks";
				PRODUCT_BUNDLE_IDENTIFIER = "iDevBand-s.r.o..ShiftManager";
				PRODUCT_NAME = "$(TARGET_NAME)";
			};
			name = Debug;
		};
		097AFB6D1C577467002684E4 /* Release */ = {
			isa = XCBuildConfiguration;
			buildSettings = {
				ASSETCATALOG_COMPILER_APPICON_NAME = AppIcon;
				INFOPLIST_FILE = ShiftManager/Info.plist;
				LD_RUNPATH_SEARCH_PATHS = "$(inherited) @executable_path/Frameworks";
				PRODUCT_BUNDLE_IDENTIFIER = "iDevBand-s.r.o..ShiftManager";
				PRODUCT_NAME = "$(TARGET_NAME)";
			};
			name = Release;
		};
		097AFB6F1C577467002684E4 /* Debug */ = {
			isa = XCBuildConfiguration;
			buildSettings = {
				BUNDLE_LOADER = "$(TEST_HOST)";
				INFOPLIST_FILE = ShiftManagerTests/Info.plist;
				LD_RUNPATH_SEARCH_PATHS = "$(inherited) @executable_path/Frameworks @loader_path/Frameworks";
				PRODUCT_BUNDLE_IDENTIFIER = "iDevBand-s.r.o..ShiftManagerTests";
				PRODUCT_NAME = "$(TARGET_NAME)";
				TEST_HOST = "$(BUILT_PRODUCTS_DIR)/ShiftManager.app/ShiftManager";
			};
			name = Debug;
		};
		097AFB701C577467002684E4 /* Release */ = {
			isa = XCBuildConfiguration;
			buildSettings = {
				BUNDLE_LOADER = "$(TEST_HOST)";
				INFOPLIST_FILE = ShiftManagerTests/Info.plist;
				LD_RUNPATH_SEARCH_PATHS = "$(inherited) @executable_path/Frameworks @loader_path/Frameworks";
				PRODUCT_BUNDLE_IDENTIFIER = "iDevBand-s.r.o..ShiftManagerTests";
				PRODUCT_NAME = "$(TARGET_NAME)";
				TEST_HOST = "$(BUILT_PRODUCTS_DIR)/ShiftManager.app/ShiftManager";
			};
			name = Release;
		};
		097AFB721C577467002684E4 /* Debug */ = {
			isa = XCBuildConfiguration;
			buildSettings = {
				INFOPLIST_FILE = ShiftManagerUITests/Info.plist;
				LD_RUNPATH_SEARCH_PATHS = "$(inherited) @executable_path/Frameworks @loader_path/Frameworks";
				PRODUCT_BUNDLE_IDENTIFIER = "iDevBand-s.r.o..ShiftManagerUITests";
				PRODUCT_NAME = "$(TARGET_NAME)";
				TEST_TARGET_NAME = ShiftManager;
				USES_XCTRUNNER = YES;
			};
			name = Debug;
		};
		097AFB731C577467002684E4 /* Release */ = {
			isa = XCBuildConfiguration;
			buildSettings = {
				INFOPLIST_FILE = ShiftManagerUITests/Info.plist;
				LD_RUNPATH_SEARCH_PATHS = "$(inherited) @executable_path/Frameworks @loader_path/Frameworks";
				PRODUCT_BUNDLE_IDENTIFIER = "iDevBand-s.r.o..ShiftManagerUITests";
				PRODUCT_NAME = "$(TARGET_NAME)";
				TEST_TARGET_NAME = ShiftManager;
				USES_XCTRUNNER = YES;
			};
			name = Release;
		};
/* End XCBuildConfiguration section */

/* Begin XCConfigurationList section */
		097AFB391C577467002684E4 /* Build configuration list for PBXProject "ShiftManager" */ = {
			isa = XCConfigurationList;
			buildConfigurations = (
				097AFB691C577467002684E4 /* Debug */,
				097AFB6A1C577467002684E4 /* Release */,
			);
			defaultConfigurationIsVisible = 0;
			defaultConfigurationName = Release;
		};
		097AFB6B1C577467002684E4 /* Build configuration list for PBXNativeTarget "ShiftManager" */ = {
			isa = XCConfigurationList;
			buildConfigurations = (
				097AFB6C1C577467002684E4 /* Debug */,
				097AFB6D1C577467002684E4 /* Release */,
			);
			defaultConfigurationIsVisible = 0;
		};
		097AFB6E1C577467002684E4 /* Build configuration list for PBXNativeTarget "ShiftManagerTests" */ = {
			isa = XCConfigurationList;
			buildConfigurations = (
				097AFB6F1C577467002684E4 /* Debug */,
				097AFB701C577467002684E4 /* Release */,
			);
			defaultConfigurationIsVisible = 0;
		};
		097AFB711C577467002684E4 /* Build configuration list for PBXNativeTarget "ShiftManagerUITests" */ = {
			isa = XCConfigurationList;
			buildConfigurations = (
				097AFB721C577467002684E4 /* Debug */,
				097AFB731C577467002684E4 /* Release */,
			);
			defaultConfigurationIsVisible = 0;
		};
/* End XCConfigurationList section */
	};
	rootObject = 097AFB361C577467002684E4 /* Project object */;
}
